
Microsoft Visual Studio Solution File, Format Version 12.00
# Visual Studio Express 2013 for Web
VisualStudioVersion = 12.0.30501.0
MinimumVisualStudioVersion = 10.0.40219.1
Project("{FAE04EC0-301F-11D3-BF4B-00C04F79EFBC}") = "SendGridEventWebhook", "SendGridEventWebhook\SendGridEventWebhook.csproj", "{769B5CCB-6DFD-4777-89A2-4E3AC35F1B4C}"
EndProject
Project("{2150E333-8FDC-42A3-9474-1A3956D46DE8}") = "PublishScripts", "PublishScripts", "{8898CB45-CAA0-4826-BEDD-1BF58AEDDCDC}"
	ProjectSection(SolutionItems) = preProject
		PublishScripts\AzureWebsitePublishModule.psm1 = PublishScripts\AzureWebsitePublishModule.psm1
		PublishScripts\Publish-WebApplicationWebsite.ps1 = PublishScripts\Publish-WebApplicationWebsite.ps1
	EndProjectSection
EndProject
Project("{2150E333-8FDC-42A3-9474-1A3956D46DE8}") = "Configurations", "Configurations", "{F13002DF-4D4E-4748-8553-678E37C9888B}"
	ProjectSection(SolutionItems) = preProject
		PublishScripts\Configurations\MyExample-WAWS-dev.json = PublishScripts\Configurations\MyExample-WAWS-dev.json
	EndProjectSection
EndProject
Global
	GlobalSection(SolutionConfigurationPlatforms) = preSolution
		Debug|Any CPU = Debug|Any CPU
		Release|Any CPU = Release|Any CPU
	EndGlobalSection
	GlobalSection(ProjectConfigurationPlatforms) = postSolution
		{769B5CCB-6DFD-4777-89A2-4E3AC35F1B4C}.Debug|Any CPU.ActiveCfg = Debug|Any CPU
		{769B5CCB-6DFD-4777-89A2-4E3AC35F1B4C}.Debug|Any CPU.Build.0 = Debug|Any CPU
		{769B5CCB-6DFD-4777-89A2-4E3AC35F1B4C}.Release|Any CPU.ActiveCfg = Release|Any CPU
		{769B5CCB-6DFD-4777-89A2-4E3AC35F1B4C}.Release|Any CPU.Build.0 = Release|Any CPU
	EndGlobalSection
	GlobalSection(SolutionProperties) = preSolution
		HideSolutionNode = FALSE
	EndGlobalSection
	GlobalSection(NestedProjects) = preSolution
		{F13002DF-4D4E-4748-8553-678E37C9888B} = {8898CB45-CAA0-4826-BEDD-1BF58AEDDCDC}
	EndGlobalSection
EndGlobal
